
Microsoft Visual Studio Solution File, Format Version 12.00
# Visual Studio Version 17
VisualStudioVersion = 17.11.35327.3
MinimumVisualStudioVersion = 10.0.40219.1
Project("{FAE04EC0-301F-11D3-BF4B-00C04F79EFBC}") = "UniversityExam", "UniversityExam.csproj", "{7F63FEC9-FD50-48A5-BFBD-9D86F1E37B59}"
EndProject
Global
	GlobalSection(SolutionConfigurationPlatforms) = preSolution
		Debug|Any CPU = Debug|Any CPU
		Release|Any CPU = Release|Any CPU
	EndGlobalSection
	GlobalSection(ProjectConfigurationPlatforms) = postSolution
		{7F63FEC9-FD50-48A5-BFBD-9D86F1E37B59}.Debug|Any CPU.ActiveCfg = Debug|Any CPU
		{7F63FEC9-FD50-48A5-BFBD-9D86F1E37B59}.Debug|Any CPU.Build.0 = Debug|Any CPU
		{7F63FEC9-FD50-48A5-BFBD-9D86F1E37B59}.Release|Any CPU.ActiveCfg = Release|Any CPU
		{7F63FEC9-FD50-48A5-BFBD-9D86F1E37B59}.Release|Any CPU.Build.0 = Release|Any CPU
	EndGlobalSection
	GlobalSection(SolutionProperties) = preSolution
		HideSolutionNode = FALSE
	EndGlobalSection
	GlobalSection(ExtensibilityGlobals) = postSolution
		SolutionGuid = {5025B1BC-A15B-46EA-8EB6-D5B4DE3A5105}
	EndGlobalSection
EndGlobal
